{
  "name": "assets",
  "lockfileVersion": 3,
  "requires": true,
  "packages": {
    "": {
      "dependencies": {
        "phoenix": "latest",
        "phoenix_html": "latest",
        "phoenix_live_view": "latest"
      },
      "devDependencies": {}
    },
    "node_modules/morphdom": {
      "version": "2.7.8",
      "resolved": "https://registry.npmjs.org/morphdom/-/morphdom-2.7.8.tgz",
      "integrity": "sha512-D/fR4xgGUyVRbdMGU6Nejea1RFzYxYtyurG4Fbv2Fi/daKlWKuXGLOdXtl+3eIwL110cI2hz1ZojGICjjFLgTg==",
      "license": "MIT"
    },
    "node_modules/phoenix": {
      "version": "1.8.9",
      "resolved": "https://registry.npmjs.org/phoenix/-/phoenix-1.8.9.tgz",
      "integrity": "sha512-/2qzAZB3P2s08fFAYaG65lqaNFmVXUSlXdY4/JDdDKIC81y2cFWkPwI8gycy4VLpv197JwZ5PpBf3VhoG32yGA==",
      "license": "MIT"
    },
    "node_modules/phoenix_html": {
      "version": "4.3.0",
      "resolved": "https://registry.npmjs.org/phoenix_html/-/phoenix_html-4.3.0.tgz",
      "integrity": "sha512-6vnR2Y7KxEPX1DdN59AuO98TTFtsYBqfUiUOo3NY6vyVp3o94RTawdaKtELFOKfiUD7LCEclBcpCltJM2GWuKw=="
    },
    "node_modules/phoenix_live_view": {
      "version": "1.2.7",
      "resolved": "https://registry.npmjs.org/phoenix_live_view/-/phoenix_live_view-1.2.7.tgz",
      "integrity": "sha512-atP91G/mDrYZpcPbIZbX5m4jXHks7uJ9VeVGp/cFq22iQZP3ipD9OkHxoeyC2emzoH4imbmlWwlmIyz+ZtNJgA==",
      "license": "MIT",
      "dependencies": {
        "morphdom": "2.7.8"
      }
    }
  }
}
